
Microsoft Visual Studio Solution File, Format Version 12.00
# Visual Studio Version 16
VisualStudioVersion = 16.0.29409.12
MinimumVisualStudioVersion = 10.0.40219.1
Project("{8BC9CEB8-8B4A-11D0-8D11-00A0C91BC942}") = "lab1", "lab1\lab1.vcxproj", "{3F3E2B9D-7736-41F3-AA2A-EEE03057388F}"
EndProject
Global
	GlobalSection(SolutionConfigurationPlatforms) = preSolution
		Debug|x64 = Debug|x64
		Debug|x86 = Debug|x86
		Release|x64 = Release|x64
		Release|x86 = Release|x86
	EndGlobalSection
	GlobalSection(ProjectConfigurationPlatforms) = postSolution
		{3F3E2B9D-7736-41F3-AA2A-EEE03057388F}.Debug|x64.ActiveCfg = Debug|x64
		{3F3E2B9D-7736-41F3-AA2A-EEE03057388F}.Debug|x64.Build.0 = Debug|x64
		{3F3E2B9D-7736-41F3-AA2A-EEE03057388F}.Debug|x86.ActiveCfg = Debug|Win32
		{3F3E2B9D-7736-41F3-AA2A-EEE03057388F}.Debug|x86.Build.0 = Debug|Win32
		{3F3E2B9D-7736-41F3-AA2A-EEE03057388F}.Release|x64.ActiveCfg = Release|x64
		{3F3E2B9D-7736-41F3-AA2A-EEE03057388F}.Release|x64.Build.0 = Release|x64
		{3F3E2B9D-7736-41F3-AA2A-EEE03057388F}.Release|x86.ActiveCfg = Release|Win32
		{3F3E2B9D-7736-41F3-AA2A-EEE03057388F}.Release|x86.Build.0 = Release|Win32
	EndGlobalSection
	GlobalSection(SolutionProperties) = preSolution
		HideSolutionNode = FALSE
	EndGlobalSection
	GlobalSection(ExtensibilityGlobals) = postSolution
		SolutionGuid = {403249C5-9386-441F-BBD8-9410131F00F0}
	EndGlobalSection
EndGlobal
